
Microsoft Visual Studio Solution File, Format Version 9.00
# Visual C++ Express 2005
Project("{8BC9CEB8-8B4A-11D0-8D11-00A0C91BC942}") = "tivodecode", "tivodecode.vcproj", "{AB0538B4-79BB-463D-AE34-5C7ACD90D0BA}"
	ProjectSection(ProjectDependencies) = postProject
		{9DDBB216-6D06-47EB-B559-B3FB02510DC3} = {9DDBB216-6D06-47EB-B559-B3FB02510DC3}
	EndProjectSection
EndProject
Project("{8BC9CEB8-8B4A-11D0-8D11-00A0C91BC942}") = "libtivodecode", "libtivodecode.vcproj", "{9DDBB216-6D06-47EB-B559-B3FB02510DC3}"
EndProject
Project("{8BC9CEB8-8B4A-11D0-8D11-00A0C91BC942}") = "tdcat", "tdcat.vcproj", "{66AEBB90-9BD8-497E-B546-9409110E9F21}"
	ProjectSection(ProjectDependencies) = postProject
		{9DDBB216-6D06-47EB-B559-B3FB02510DC3} = {9DDBB216-6D06-47EB-B559-B3FB02510DC3}
	EndProjectSection
EndProject
Global
	GlobalSection(SolutionConfigurationPlatforms) = preSolution
		Debug|Win32 = Debug|Win32
		Release|Win32 = Release|Win32
	EndGlobalSection
	GlobalSection(ProjectConfigurationPlatforms) = postSolution
		{AB0538B4-79BB-463D-AE34-5C7ACD90D0BA}.Debug|Win32.ActiveCfg = Debug|Win32
		{AB0538B4-79BB-463D-AE34-5C7ACD90D0BA}.Debug|Win32.Build.0 = Debug|Win32
		{AB0538B4-79BB-463D-AE34-5C7ACD90D0BA}.Release|Win32.ActiveCfg = Release|Win32
		{AB0538B4-79BB-463D-AE34-5C7ACD90D0BA}.Release|Win32.Build.0 = Release|Win32
		{9DDBB216-6D06-47EB-B559-B3FB02510DC3}.Debug|Win32.ActiveCfg = Debug|Win32
		{9DDBB216-6D06-47EB-B559-B3FB02510DC3}.Debug|Win32.Build.0 = Debug|Win32
		{9DDBB216-6D06-47EB-B559-B3FB02510DC3}.Release|Win32.ActiveCfg = Release|Win32
		{9DDBB216-6D06-47EB-B559-B3FB02510DC3}.Release|Win32.Build.0 = Release|Win32
		{66AEBB90-9BD8-497E-B546-9409110E9F21}.Debug|Win32.ActiveCfg = Debug|Win32
		{66AEBB90-9BD8-497E-B546-9409110E9F21}.Debug|Win32.Build.0 = Debug|Win32
		{66AEBB90-9BD8-497E-B546-9409110E9F21}.Release|Win32.ActiveCfg = Release|Win32
		{66AEBB90-9BD8-497E-B546-9409110E9F21}.Release|Win32.Build.0 = Release|Win32
	EndGlobalSection
	GlobalSection(SolutionProperties) = preSolution
		HideSolutionNode = FALSE
	EndGlobalSection
EndGlobal
